
Microsoft Visual Studio Solution File, Format Version 12.00
# Visual Studio Version 17
VisualStudioVersion = 17.0.31903.59
MinimumVisualStudioVersion = 10.0.40219.1
Project("{9A19103F-16F7-4668-BE54-9A1E7A4F7556}") = "hello-kendra", "hello-kendra.csproj", "{D782FB26-B3D2-4528-ADF5-CAE2ECF2B58D}"
EndProject
Global
	GlobalSection(SolutionConfigurationPlatforms) = preSolution
		Debug|Any CPU = Debug|Any CPU
		Release|Any CPU = Release|Any CPU
	EndGlobalSection
	GlobalSection(ProjectConfigurationPlatforms) = postSolution
		{D782FB26-B3D2-4528-ADF5-CAE2ECF2B58D}.Debug|Any CPU.ActiveCfg = Debug|Any CPU
		{D782FB26-B3D2-4528-ADF5-CAE2ECF2B58D}.Debug|Any CPU.Build.0 = Debug|Any CPU
		{D782FB26-B3D2-4528-ADF5-CAE2ECF2B58D}.Release|Any CPU.ActiveCfg = Release|Any CPU
		{D782FB26-B3D2-4528-ADF5-CAE2ECF2B58D}.Release|Any CPU.Build.0 = Release|Any CPU
	EndGlobalSection
	GlobalSection(SolutionProperties) = preSolution
		HideSolutionNode = FALSE
	EndGlobalSection
	GlobalSection(ExtensibilityGlobals) = postSolution
		SolutionGuid = {DEE286D2-5C6F-487C-8027-A7688D658C24}
	EndGlobalSection
EndGlobal
